
Microsoft Visual Studio Solution File, Format Version 12.00
# Visual Studio Version 17
VisualStudioVersion = 17.6.33829.357
MinimumVisualStudioVersion = 10.0.40219.1
Project("{FAE04EC0-301F-11D3-BF4B-00C04F79EFBC}") = "StylesheetUi2", "StylesheetUi2.csproj", "{610B9508-D50E-46F8-866E-C2079A6511DC}"
EndProject
Global
	GlobalSection(SolutionConfigurationPlatforms) = preSolution
		Debug|Any CPU = Debug|Any CPU
		Release|Any CPU = Release|Any CPU
	EndGlobalSection
	GlobalSection(ProjectConfigurationPlatforms) = postSolution
		{610B9508-D50E-46F8-866E-C2079A6511DC}.Debug|Any CPU.ActiveCfg = Debug|Any CPU
		{610B9508-D50E-46F8-866E-C2079A6511DC}.Debug|Any CPU.Build.0 = Debug|Any CPU
		{610B9508-D50E-46F8-866E-C2079A6511DC}.Release|Any CPU.ActiveCfg = Release|Any CPU
		{610B9508-D50E-46F8-866E-C2079A6511DC}.Release|Any CPU.Build.0 = Release|Any CPU
	EndGlobalSection
	GlobalSection(SolutionProperties) = preSolution
		HideSolutionNode = FALSE
	EndGlobalSection
	GlobalSection(ExtensibilityGlobals) = postSolution
		SolutionGuid = {F3B102F1-89B1-4AFA-8AFA-95E40446DC7C}
	EndGlobalSection
EndGlobal
